# This file is autogenerated, do not edit; changes may be undone by the next 'dep ensure'.


[[projects]]
  name = "github.com/emicklei/proto"
  packages = ["."]
  revision = "92ccf4bb8fea88ece4fda55edd4d9cb9c329e18c"
  version = "v1.6.4"

[[projects]]
  branch = "master"
  name = "github.com/seamia/tools"
  packages = [
    "assets",
    "support"
  ]
  revision = "b29d06e20945afe0ee56022d99f250e634b6372f"

[solve-meta]
  analyzer-name = "dep"
  analyzer-version = 1
  inputs-digest = "c0f32272b01ed0fbdebd81404662427d99efc5e0c79d194270e5c1e0fd1d02bd"
  solver-name = "gps-cdcl"
  solver-version = 1
